<?xml version="1.0" encoding="UTF-8"?>
<CONFIG>
  <ProjectOptions>
    <Version Value="9"/>
    <General>
      <Flags>
        <MainUnitHasCreateFormStatements Value="False"/>
        <Runnable Value="False"/>
      </Flags>
      <MainUnit Value="0"/>
      <Title Value="ypudfs"/>
      <UseAppBundle Value="False"/>
      <ResourceType Value="res"/>
      <ActiveWindowIndexAtStart Value="0"/>
    </General>
    <i18n>
      <EnableI18N LFM="False"/>
    </i18n>
    <VersionInfo>
      <StringTable ProductVersion=""/>
    </VersionInfo>
    <BuildModes Count="1" Active="Default">
      <Item1 Name="Default" Default="True"/>
    </BuildModes>
    <PublishOptions>
      <Version Value="2"/>
    </PublishOptions>
    <RunParams>
      <local>
        <FormatVersion Value="1"/>
      </local>
    </RunParams>
    <RequiredPackages Count="1">
      <Item1>
        <PackageName Value="BrookRT"/>
      </Item1>
    </RequiredPackages>
    <Units Count="7">
      <Unit0>
        <Filename Value="ypudfs.lpr"/>
        <IsPartOfProject Value="True"/>
        <UnitName Value="ypudfs"/>
        <UsageCount Value="37"/>
      </Unit0>
      <Unit1>
        <Filename Value="ypudaction.pas"/>
        <IsPartOfProject Value="True"/>
        <UnitName Value="ypudaction"/>
        <EditorIndex Value="0"/>
        <WindowIndex Value="0"/>
        <TopLine Value="1"/>
        <CursorPos X="14" Y="11"/>
        <UsageCount Value="37"/>
        <Loaded Value="True"/>
      </Unit1>
      <Unit2>
        <Filename Value="ypudbrokers.pas"/>
        <IsPartOfProject Value="True"/>
        <UnitName Value="ypudbrokers"/>
        <EditorIndex Value="4"/>
        <WindowIndex Value="0"/>
        <TopLine Value="1"/>
        <CursorPos X="1" Y="1"/>
        <UsageCount Value="37"/>
        <Loaded Value="True"/>
      </Unit2>
      <Unit3>
        <Filename Value="players.pas"/>
        <IsPartOfProject Value="True"/>
        <UnitName Value="players"/>
        <EditorIndex Value="1"/>
        <WindowIndex Value="0"/>
        <TopLine Value="1"/>
        <CursorPos X="19" Y="31"/>
        <UsageCount Value="37"/>
        <Loaded Value="True"/>
      </Unit3>
      <Unit4>
        <Filename Value="../../brookframework/demos/db/sqldb/person.pas"/>
        <UnitName Value="person"/>
        <WindowIndex Value="0"/>
        <TopLine Value="37"/>
        <CursorPos X="9" Y="63"/>
        <UsageCount Value="18"/>
      </Unit4>
      <Unit5>
        <Filename Value="common/baseentity.pas"/>
        <IsPartOfProject Value="True"/>
        <UnitName Value="baseentity"/>
        <EditorIndex Value="3"/>
        <WindowIndex Value="0"/>
        <TopLine Value="60"/>
        <CursorPos X="16" Y="77"/>
        <UsageCount Value="37"/>
        <Loaded Value="True"/>
      </Unit5>
      <Unit6>
        <Filename Value="teams.pas"/>
        <IsPartOfProject Value="True"/>
        <UnitName Value="teams"/>
        <IsVisibleTab Value="True"/>
        <EditorIndex Value="2"/>
        <WindowIndex Value="0"/>
        <TopLine Value="1"/>
        <CursorPos X="1" Y="1"/>
        <UsageCount Value="20"/>
        <Loaded Value="True"/>
      </Unit6>
    </Units>
    <JumpHistory Count="10" HistoryIndex="9">
      <Position1>
        <Filename Value="common/baseentity.pas"/>
        <Caret Line="18" Column="21" TopLine="1"/>
      </Position1>
      <Position2>
        <Filename Value="players.pas"/>
        <Caret Line="18" Column="19" TopLine="1"/>
      </Position2>
      <Position3>
        <Filename Value="common/baseentity.pas"/>
        <Caret Line="28" Column="63" TopLine="13"/>
      </Position3>
      <Position4>
        <Filename Value="common/baseentity.pas"/>
        <Caret Line="31" Column="75" TopLine="20"/>
      </Position4>
      <Position5>
        <Filename Value="common/baseentity.pas"/>
        <Caret Line="30" Column="34" TopLine="20"/>
      </Position5>
      <Position6>
        <Filename Value="common/baseentity.pas"/>
        <Caret Line="29" Column="21" TopLine="14"/>
      </Position6>
      <Position7>
        <Filename Value="common/baseentity.pas"/>
        <Caret Line="30" Column="24" TopLine="15"/>
      </Position7>
      <Position8>
        <Filename Value="common/baseentity.pas"/>
        <Caret Line="1" Column="16" TopLine="1"/>
      </Position8>
      <Position9>
        <Filename Value="common/baseentity.pas"/>
        <Caret Line="21" Column="42" TopLine="4"/>
      </Position9>
      <Position10>
        <Filename Value="common/baseentity.pas"/>
        <Caret Line="22" Column="36" TopLine="7"/>
      </Position10>
    </JumpHistory>
  </ProjectOptions>
  <CompilerOptions>
    <Version Value="11"/>
    <Target>
      <Filename Value="ypudfs" ApplyConventions="False"/>
    </Target>
    <SearchPaths>
      <IncludeFiles Value="$(ProjOutDir)"/>
      <OtherUnitFiles Value="common"/>
    </SearchPaths>
    <Other>
      <CompilerMessages>
        <MsgFileName Value=""/>
      </CompilerMessages>
      <CompilerPath Value="$(CompPath)"/>
    </Other>
  </CompilerOptions>
  <Debugging>
    <Exceptions Count="3">
      <Item1>
        <Name Value="EAbort"/>
      </Item1>
      <Item2>
        <Name Value="ECodetoolError"/>
      </Item2>
      <Item3>
        <Name Value="EFOpenError"/>
      </Item3>
    </Exceptions>
  </Debugging>
  <EditorMacros Count="0"/>
</CONFIG>
