<?xml version="1.0" encoding="UTF-8"?>
<CONFIG>
  <ProjectOptions>
    <Version Value="9"/>
    <General>
      <Flags>
        <MainUnitHasCreateFormStatements Value="False"/>
        <Runnable Value="False"/>
      </Flags>
      <MainUnit Value="0"/>
      <Title Value="ypudfs"/>
      <UseAppBundle Value="False"/>
      <ResourceType Value="res"/>
      <ActiveWindowIndexAtStart Value="0"/>
    </General>
    <i18n>
      <EnableI18N LFM="False"/>
    </i18n>
    <VersionInfo>
      <StringTable ProductVersion=""/>
    </VersionInfo>
    <BuildModes Count="1" Active="Default">
      <Item1 Name="Default" Default="True"/>
    </BuildModes>
    <PublishOptions>
      <Version Value="2"/>
    </PublishOptions>
    <RunParams>
      <local>
        <FormatVersion Value="1"/>
      </local>
    </RunParams>
    <RequiredPackages Count="4">
      <Item1>
        <PackageName Value="SQLDBLaz"/>
      </Item1>
      <Item2>
        <PackageName Value="LCL"/>
      </Item2>
      <Item3>
        <PackageName Value="dOpfRT"/>
      </Item3>
      <Item4>
        <PackageName Value="BrookRT"/>
      </Item4>
    </RequiredPackages>
    <Units Count="22">
      <Unit0>
        <Filename Value="ypudfs.lpr"/>
        <IsPartOfProject Value="True"/>
        <UnitName Value="ypudfs"/>
        <EditorIndex Value="2"/>
        <WindowIndex Value="0"/>
        <TopLine Value="1"/>
        <CursorPos X="46" Y="6"/>
        <UsageCount Value="154"/>
        <Loaded Value="True"/>
      </Unit0>
      <Unit1>
        <Filename Value="ypudaction.pas"/>
        <IsPartOfProject Value="True"/>
        <UnitName Value="ypudaction"/>
        <EditorIndex Value="0"/>
        <WindowIndex Value="0"/>
        <TopLine Value="1"/>
        <CursorPos X="32" Y="20"/>
        <UsageCount Value="154"/>
        <Loaded Value="True"/>
      </Unit1>
      <Unit2>
        <Filename Value="ypudbrokers.pas"/>
        <IsPartOfProject Value="True"/>
        <UnitName Value="ypudbrokers"/>
        <WindowIndex Value="0"/>
        <TopLine Value="1"/>
        <CursorPos X="1" Y="1"/>
        <UsageCount Value="154"/>
      </Unit2>
      <Unit3>
        <Filename Value="players.pas"/>
        <IsPartOfProject Value="True"/>
        <UnitName Value="players"/>
        <EditorIndex Value="1"/>
        <WindowIndex Value="0"/>
        <TopLine Value="22"/>
        <CursorPos X="38" Y="36"/>
        <UsageCount Value="154"/>
        <Loaded Value="True"/>
      </Unit3>
      <Unit4>
        <Filename Value="../../brookframework/demos/db/sqldb/person.pas"/>
        <UnitName Value="person"/>
        <WindowIndex Value="0"/>
        <TopLine Value="37"/>
        <CursorPos X="9" Y="63"/>
        <UsageCount Value="6"/>
      </Unit4>
      <Unit5>
        <Filename Value="common/baseentity.pas"/>
        <IsPartOfProject Value="True"/>
        <UnitName Value="baseentity"/>
        <WindowIndex Value="0"/>
        <TopLine Value="1"/>
        <CursorPos X="38" Y="11"/>
        <UsageCount Value="154"/>
      </Unit5>
      <Unit6>
        <Filename Value="teams.pas"/>
        <IsPartOfProject Value="True"/>
        <UnitName Value="teams"/>
        <WindowIndex Value="0"/>
        <TopLine Value="3"/>
        <CursorPos X="60" Y="21"/>
        <UsageCount Value="137"/>
      </Unit6>
      <Unit7>
        <Filename Value="matchs.pas"/>
        <IsPartOfProject Value="True"/>
        <UnitName Value="matchs"/>
        <WindowIndex Value="0"/>
        <TopLine Value="8"/>
        <CursorPos X="37" Y="26"/>
        <UsageCount Value="133"/>
      </Unit7>
      <Unit8>
        <Filename Value="../../objpascal-component/brookframework/demos/db/rest/person.pas"/>
        <UnitName Value="person"/>
        <WindowIndex Value="0"/>
        <TopLine Value="3"/>
        <CursorPos X="64" Y="13"/>
        <UsageCount Value="33"/>
      </Unit8>
      <Unit9>
        <Filename Value="../../objpascal-component/brookframework/demos/db/rest/brokers.pas"/>
        <UnitName Value="Brokers"/>
        <WindowIndex Value="0"/>
        <TopLine Value="1"/>
        <CursorPos X="1" Y="1"/>
        <UsageCount Value="11"/>
      </Unit9>
      <Unit10>
        <Filename Value="../../objpascal-component/brookframework/demos/db/rest/dbutils.pas"/>
        <UnitName Value="dbutils"/>
        <WindowIndex Value="0"/>
        <TopLine Value="1"/>
        <CursorPos X="1" Y="1"/>
        <UsageCount Value="12"/>
      </Unit10>
      <Unit11>
        <Filename Value="../../objpascal-component/brookframework/demos/db/rest/unit1.pas"/>
        <UnitName Value="Unit1"/>
        <WindowIndex Value="0"/>
        <TopLine Value="1"/>
        <CursorPos X="38" Y="79"/>
        <UsageCount Value="11"/>
      </Unit11>
      <Unit12>
        <Filename Value="dbutils.pas"/>
        <UnitName Value="dbutils"/>
        <EditorIndex Value="3"/>
        <WindowIndex Value="0"/>
        <TopLine Value="4"/>
        <CursorPos X="28" Y="28"/>
        <UsageCount Value="54"/>
        <Loaded Value="True"/>
      </Unit12>
      <Unit13>
        <Filename Value="playeraction.pas"/>
        <IsPartOfProject Value="True"/>
        <UnitName Value="playeraction"/>
        <EditorIndex Value="5"/>
        <WindowIndex Value="0"/>
        <TopLine Value="49"/>
        <CursorPos X="12" Y="82"/>
        <UsageCount Value="106"/>
        <Loaded Value="True"/>
      </Unit13>
      <Unit14>
        <Filename Value="../../objpascal-component/brookframework/core/brookaction.pas"/>
        <UnitName Value="BrookAction"/>
        <WindowIndex Value="0"/>
        <TopLine Value="268"/>
        <CursorPos X="14" Y="280"/>
        <UsageCount Value="1"/>
      </Unit14>
      <Unit15>
        <Filename Value="../../objpascal-component/dopf/brokers/dsqldbbroker.pas"/>
        <UnitName Value="dSQLdbBroker"/>
        <WindowIndex Value="0"/>
        <TopLine Value="19"/>
        <CursorPos X="6" Y="29"/>
        <UsageCount Value="1"/>
      </Unit15>
      <Unit16>
        <Filename Value="../../objpascal-component/dopf/core/dopf.pas"/>
        <UnitName Value="dOpf"/>
        <WindowIndex Value="0"/>
        <TopLine Value="104"/>
        <CursorPos X="23" Y="119"/>
        <UsageCount Value="1"/>
      </Unit16>
      <Unit17>
        <Filename Value="../../fpc-2.6.4/packages/fcl-db/src/sqldb/sqldb.pp"/>
        <UnitName Value="sqldb"/>
        <WindowIndex Value="0"/>
        <TopLine Value="1"/>
        <CursorPos X="1" Y="1"/>
        <UsageCount Value="1"/>
      </Unit17>
      <Unit18>
        <Filename Value="../../fpc-2.6.4/packages/fcl-db/src/sqldb/mysql/mysql56conn.pas"/>
        <UnitName Value="mysql56conn"/>
        <WindowIndex Value="0"/>
        <TopLine Value="1"/>
        <CursorPos X="17" Y="7"/>
        <UsageCount Value="1"/>
      </Unit18>
      <Unit19>
        <Filename Value="jtableactns.pas"/>
        <UnitName Value="jTableActns"/>
        <EditorIndex Value="4"/>
        <WindowIndex Value="0"/>
        <TopLine Value="4"/>
        <CursorPos X="42" Y="6"/>
        <UsageCount Value="39"/>
        <Loaded Value="True"/>
      </Unit19>
      <Unit20>
        <Filename Value="../../lazcomponent/brookframework/demos/db/jtable/dbutils.pas"/>
        <UnitName Value="dbutils"/>
        <WindowIndex Value="0"/>
        <TopLine Value="9"/>
        <CursorPos X="34" Y="31"/>
        <UsageCount Value="9"/>
      </Unit20>
      <Unit21>
        <Filename Value="../../lazarus/lcl/interfaces/carbon/carbonproc.pp"/>
        <UnitName Value="CarbonProc"/>
        <IsVisibleTab Value="True"/>
        <EditorIndex Value="6"/>
        <WindowIndex Value="0"/>
        <TopLine Value="500"/>
        <CursorPos X="33" Y="511"/>
        <UsageCount Value="11"/>
        <Loaded Value="True"/>
      </Unit21>
    </Units>
    <JumpHistory Count="20" HistoryIndex="19">
      <Position1>
        <Filename Value="players.pas"/>
        <Caret Line="18" Column="19" TopLine="1"/>
      </Position1>
      <Position2>
        <Filename Value="players.pas"/>
        <Caret Line="28" Column="34" TopLine="2"/>
      </Position2>
      <Position3>
        <Filename Value="players.pas"/>
        <Caret Line="37" Column="13" TopLine="25"/>
      </Position3>
      <Position4>
        <Filename Value="players.pas"/>
        <Caret Line="37" Column="27" TopLine="22"/>
      </Position4>
      <Position5>
        <Filename Value="players.pas"/>
        <Caret Line="14" Column="22" TopLine="6"/>
      </Position5>
      <Position6>
        <Filename Value="players.pas"/>
        <Caret Line="46" Column="5" TopLine="21"/>
      </Position6>
      <Position7>
        <Filename Value="players.pas"/>
        <Caret Line="36" Column="31" TopLine="21"/>
      </Position7>
      <Position8>
        <Filename Value="players.pas"/>
        <Caret Line="42" Column="6" TopLine="20"/>
      </Position8>
      <Position9>
        <Filename Value="ypudfs.lpr"/>
        <Caret Line="6" Column="53" TopLine="1"/>
      </Position9>
      <Position10>
        <Filename Value="ypudfs.lpr"/>
        <Caret Line="1" Column="1" TopLine="1"/>
      </Position10>
      <Position11>
        <Filename Value="playeraction.pas"/>
        <Caret Line="15" Column="19" TopLine="1"/>
      </Position11>
      <Position12>
        <Filename Value="playeraction.pas"/>
        <Caret Line="23" Column="7" TopLine="1"/>
      </Position12>
      <Position13>
        <Filename Value="playeraction.pas"/>
        <Caret Line="60" Column="10" TopLine="45"/>
      </Position13>
      <Position14>
        <Filename Value="playeraction.pas"/>
        <Caret Line="60" Column="10" TopLine="47"/>
      </Position14>
      <Position15>
        <Filename Value="players.pas"/>
        <Caret Line="11" Column="38" TopLine="3"/>
      </Position15>
      <Position16>
        <Filename Value="playeraction.pas"/>
        <Caret Line="79" Column="20" TopLine="56"/>
      </Position16>
      <Position17>
        <Filename Value="dbutils.pas"/>
        <Caret Line="21" Column="22" TopLine="1"/>
      </Position17>
      <Position18>
        <Filename Value="dbutils.pas"/>
        <Caret Line="22" Column="29" TopLine="1"/>
      </Position18>
      <Position19>
        <Filename Value="playeraction.pas"/>
        <Caret Line="1" Column="18" TopLine="1"/>
      </Position19>
      <Position20>
        <Filename Value="../../lazarus/lcl/interfaces/carbon/carbonproc.pp"/>
        <Caret Line="511" Column="33" TopLine="501"/>
      </Position20>
    </JumpHistory>
  </ProjectOptions>
  <CompilerOptions>
    <Version Value="11"/>
    <Target>
      <Filename Value="/Users/herux/Sites/ypudfs.ypud" ApplyConventions="False"/>
    </Target>
    <SearchPaths>
      <IncludeFiles Value="$(ProjOutDir)"/>
      <OtherUnitFiles Value="common"/>
    </SearchPaths>
    <CodeGeneration>
      <TargetCPU Value="x86_64"/>
    </CodeGeneration>
    <Other>
      <CompilerMessages>
        <MsgFileName Value=""/>
      </CompilerMessages>
      <CompilerPath Value="$(CompPath)"/>
    </Other>
  </CompilerOptions>
  <Debugging>
    <Exceptions Count="3">
      <Item1>
        <Name Value="EAbort"/>
      </Item1>
      <Item2>
        <Name Value="ECodetoolError"/>
      </Item2>
      <Item3>
        <Name Value="EFOpenError"/>
      </Item3>
    </Exceptions>
  </Debugging>
  <EditorMacros Count="0"/>
</CONFIG>
